{
  "name": "22nodejs",
  "version": "1.0.0",
  "lockfileVersion": 1,
  "requires": true,
  "dependencies": {
    "openssl": {
      "version": "2.0.0",
      "resolved": "http://172.19.132.239:8081/nexus/repository/npm-group/openssl/-/openssl-2.0.0.tgz",
      "integrity": "sha512-0FgKhQ/e+XCtTTgn3qZO2g3y+Y3FC/LGvt77oObmMR4ZkZvsV1CuG/mMZClZgZqVKr0+tkemP+I3Uub4WXkHYw=="
    }
  }
}
